{
  "name": "Decide-O-Mat",
  "lockfileVersion": 3,
  "requires": true,
  "packages": {
    "": {
      "dependencies": {
        "chrome-devtools-frontend": "^1.0.1561528"
      }
    },
    "node_modules/chrome-devtools-frontend": {
      "version": "1.0.1561528",
      "resolved": "https://registry.npmjs.org/chrome-devtools-frontend/-/chrome-devtools-frontend-1.0.1561528.tgz",
      "integrity": "sha512-R7hXgBbZGmaAg15HdY3W/kJvhQpUr9y2RMnY/61y69KCeBtZMYn/N5maHPmW9LLTS/jGh3MLJ8I4GUoOlevCCQ==",
      "license": "BSD-3-Clause"
    }
  }
}
